
Microsoft Visual Studio Solution File, Format Version 12.00
# Visual Studio Version 16
VisualStudioVersion = 16.0.31424.327
MinimumVisualStudioVersion = 10.0.40219.1
Project("{FAE04EC0-301F-11D3-BF4B-00C04F79EFBC}") = "WebFormCerveja", "WebFormCerveja\WebFormCerveja.csproj", "{42BCDB90-F7D5-42C4-AD0D-C065B6C874CF}"
EndProject
Global
	GlobalSection(SolutionConfigurationPlatforms) = preSolution
		Debug|Any CPU = Debug|Any CPU
		Release|Any CPU = Release|Any CPU
	EndGlobalSection
	GlobalSection(ProjectConfigurationPlatforms) = postSolution
		{42BCDB90-F7D5-42C4-AD0D-C065B6C874CF}.Debug|Any CPU.ActiveCfg = Debug|Any CPU
		{42BCDB90-F7D5-42C4-AD0D-C065B6C874CF}.Debug|Any CPU.Build.0 = Debug|Any CPU
		{42BCDB90-F7D5-42C4-AD0D-C065B6C874CF}.Release|Any CPU.ActiveCfg = Release|Any CPU
		{42BCDB90-F7D5-42C4-AD0D-C065B6C874CF}.Release|Any CPU.Build.0 = Release|Any CPU
	EndGlobalSection
	GlobalSection(SolutionProperties) = preSolution
		HideSolutionNode = FALSE
	EndGlobalSection
	GlobalSection(ExtensibilityGlobals) = postSolution
		SolutionGuid = {45EA7F00-D754-4CDE-83D7-5C5872E1896A}
	EndGlobalSection
EndGlobal
